
Microsoft Visual Studio Solution File, Format Version 11.00
# Visual C# Express 2010
Project("{FAE04EC0-301F-11D3-BF4B-00C04F79EFBC}") = "algenhax", "algenhax\algenhax.csproj", "{AFBBB070-0BED-460E-A4C3-B05E53035BA1}"
EndProject
Global
	GlobalSection(SolutionConfigurationPlatforms) = preSolution
		Debug|x86 = Debug|x86
		Release|x86 = Release|x86
	EndGlobalSection
	GlobalSection(ProjectConfigurationPlatforms) = postSolution
		{AFBBB070-0BED-460E-A4C3-B05E53035BA1}.Debug|x86.ActiveCfg = Debug|x86
		{AFBBB070-0BED-460E-A4C3-B05E53035BA1}.Debug|x86.Build.0 = Debug|x86
		{AFBBB070-0BED-460E-A4C3-B05E53035BA1}.Release|x86.ActiveCfg = Release|x86
		{AFBBB070-0BED-460E-A4C3-B05E53035BA1}.Release|x86.Build.0 = Release|x86
	EndGlobalSection
	GlobalSection(SolutionProperties) = preSolution
		HideSolutionNode = FALSE
	EndGlobalSection
EndGlobal
